
Microsoft Visual Studio Solution File, Format Version 12.00
# Visual Studio Version 17
VisualStudioVersion = 17.1.32210.238
MinimumVisualStudioVersion = 10.0.40219.1
Project("{2150E333-8FDC-42A3-9474-1A3956D46DE8}") = "API", "API", "{0DFFB23F-E612-408C-9C52-B85765DEF4DB}"
EndProject
Project("{2150E333-8FDC-42A3-9474-1A3956D46DE8}") = "Mde", "Mde", "{054C5202-3E6A-4C40-A14A-A909C8B8F43C}"
EndProject
Project("{FAE04EC0-301F-11D3-BF4B-00C04F79EFBC}") = "Imi.Project.Mobile.Android", "Imi.Project.Mobile\Imi.Project.Mobile.Android\Imi.Project.Mobile.Android.csproj", "{968BA9A4-6EFF-42DF-9391-410E34A7BB2F}"
EndProject
Project("{9A19103F-16F7-4668-BE54-9A1E7A4F7556}") = "Imi.Project.Mobile", "Imi.Project.Mobile\Imi.Project.Mobile\Imi.Project.Mobile.csproj", "{4F86AD04-694D-4FA4-AA5A-3CD7D0664C2C}"
EndProject
Project("{9A19103F-16F7-4668-BE54-9A1E7A4F7556}") = "Imi.Project.Api", "Imi.Project.Api\Imi.Project.Api.csproj", "{FC363B03-FA64-407E-9A67-2135399872E3}"
EndProject
Project("{9A19103F-16F7-4668-BE54-9A1E7A4F7556}") = "Imi.Project.Api.Core", "Imi.Project.Api.Core\Imi.Project.Api.Core.csproj", "{97F27D3E-669A-4E06-BB95-266A52220221}"
EndProject
Project("{9A19103F-16F7-4668-BE54-9A1E7A4F7556}") = "Imi.Project.Api.Infrastructure", "Imi.Project.Api.Infrastructure\Imi.Project.Api.Infrastructure.csproj", "{36F14990-C61F-47B2-BD3A-AADBC9E5301E}"
EndProject
Project("{2150E333-8FDC-42A3-9474-1A3956D46DE8}") = "Test", "Test", "{2024C3E9-5CAB-4A9A-B14C-474093EFCC4E}"
EndProject
Project("{9A19103F-16F7-4668-BE54-9A1E7A4F7556}") = "Imi.Project.Mobile.Test", "Imi.Project.Mobile.Test\Imi.Project.Mobile.Test.csproj", "{BFC55843-B96A-4C5E-8B29-1536F34108EA}"
EndProject
Global
	GlobalSection(SolutionConfigurationPlatforms) = preSolution
		Debug|Any CPU = Debug|Any CPU
		Debug|ARM = Debug|ARM
		Debug|iPhone = Debug|iPhone
		Debug|iPhoneSimulator = Debug|iPhoneSimulator
		Debug|x64 = Debug|x64
		Debug|x86 = Debug|x86
		Release|Any CPU = Release|Any CPU
		Release|ARM = Release|ARM
		Release|iPhone = Release|iPhone
		Release|iPhoneSimulator = Release|iPhoneSimulator
		Release|x64 = Release|x64
		Release|x86 = Release|x86
	EndGlobalSection
	GlobalSection(ProjectConfigurationPlatforms) = postSolution
		{968BA9A4-6EFF-42DF-9391-410E34A7BB2F}.Debug|Any CPU.ActiveCfg = Debug|Any CPU
		{968BA9A4-6EFF-42DF-9391-410E34A7BB2F}.Debug|Any CPU.Build.0 = Debug|Any CPU
		{968BA9A4-6EFF-42DF-9391-410E34A7BB2F}.Debug|Any CPU.Deploy.0 = Debug|Any CPU
		{968BA9A4-6EFF-42DF-9391-410E34A7BB2F}.Debug|ARM.ActiveCfg = Debug|Any CPU
		{968BA9A4-6EFF-42DF-9391-410E34A7BB2F}.Debug|ARM.Build.0 = Debug|Any CPU
		{968BA9A4-6EFF-42DF-9391-410E34A7BB2F}.Debug|ARM.Deploy.0 = Debug|Any CPU
		{968BA9A4-6EFF-42DF-9391-410E34A7BB2F}.Debug|iPhone.ActiveCfg = Debug|Any CPU
		{968BA9A4-6EFF-42DF-9391-410E34A7BB2F}.Debug|iPhone.Build.0 = Debug|Any CPU
		{968BA9A4-6EFF-42DF-9391-410E34A7BB2F}.Debug|iPhone.Deploy.0 = Debug|Any CPU
		{968BA9A4-6EFF-42DF-9391-410E34A7BB2F}.Debug|iPhoneSimulator.ActiveCfg = Debug|Any CPU
		{968BA9A4-6EFF-42DF-9391-410E34A7BB2F}.Debug|iPhoneSimulator.Build.0 = Debug|Any CPU
		{968BA9A4-6EFF-42DF-9391-410E34A7BB2F}.Debug|iPhoneSimulator.Deploy.0 = Debug|Any CPU
		{968BA9A4-6EFF-42DF-9391-410E34A7BB2F}.Debug|x64.ActiveCfg = Debug|Any CPU
		{968BA9A4-6EFF-42DF-9391-410E34A7BB2F}.Debug|x64.Build.0 = Debug|Any CPU
		{968BA9A4-6EFF-42DF-9391-410E34A7BB2F}.Debug|x64.Deploy.0 = Debug|Any CPU
		{968BA9A4-6EFF-42DF-9391-410E34A7BB2F}.Debug|x86.ActiveCfg = Debug|Any CPU
		{968BA9A4-6EFF-42DF-9391-410E34A7BB2F}.Debug|x86.Build.0 = Debug|Any CPU
		{968BA9A4-6EFF-42DF-9391-410E34A7BB2F}.Debug|x86.Deploy.0 = Debug|Any CPU
		{968BA9A4-6EFF-42DF-9391-410E34A7BB2F}.Release|Any CPU.ActiveCfg = Release|Any CPU
		{968BA9A4-6EFF-42DF-9391-410E34A7BB2F}.Release|Any CPU.Build.0 = Release|Any CPU
		{968BA9A4-6EFF-42DF-9391-410E34A7BB2F}.Release|Any CPU.Deploy.0 = Release|Any CPU
		{968BA9A4-6EFF-42DF-9391-410E34A7BB2F}.Release|ARM.ActiveCfg = Release|Any CPU
		{968BA9A4-6EFF-42DF-9391-410E34A7BB2F}.Release|ARM.Build.0 = Release|Any CPU
		{968BA9A4-6EFF-42DF-9391-410E34A7BB2F}.Release|ARM.Deploy.0 = Release|Any CPU
		{968BA9A4-6EFF-42DF-9391-410E34A7BB2F}.Release|iPhone.ActiveCfg = Release|Any CPU
		{968BA9A4-6EFF-42DF-9391-410E34A7BB2F}.Release|iPhone.Build.0 = Release|Any CPU
		{968BA9A4-6EFF-42DF-9391-410E34A7BB2F}.Release|iPhone.Deploy.0 = Release|Any CPU
		{968BA9A4-6EFF-42DF-9391-410E34A7BB2F}.Release|iPhoneSimulator.ActiveCfg = Release|Any CPU
		{968BA9A4-6EFF-42DF-9391-410E34A7BB2F}.Release|iPhoneSimulator.Build.0 = Release|Any CPU
		{968BA9A4-6EFF-42DF-9391-410E34A7BB2F}.Release|iPhoneSimulator.Deploy.0 = Release|Any CPU
		{968BA9A4-6EFF-42DF-9391-410E34A7BB2F}.Release|x64.ActiveCfg = Release|Any CPU
		{968BA9A4-6EFF-42DF-9391-410E34A7BB2F}.Release|x64.Build.0 = Release|Any CPU
		{968BA9A4-6EFF-42DF-9391-410E34A7BB2F}.Release|x64.Deploy.0 = Release|Any CPU
		{968BA9A4-6EFF-42DF-9391-410E34A7BB2F}.Release|x86.ActiveCfg = Release|Any CPU
		{968BA9A4-6EFF-42DF-9391-410E34A7BB2F}.Release|x86.Build.0 = Release|Any CPU
		{968BA9A4-6EFF-42DF-9391-410E34A7BB2F}.Release|x86.Deploy.0 = Release|Any CPU
		{4F86AD04-694D-4FA4-AA5A-3CD7D0664C2C}.Debug|Any CPU.ActiveCfg = Debug|Any CPU
		{4F86AD04-694D-4FA4-AA5A-3CD7D0664C2C}.Debug|Any CPU.Build.0 = Debug|Any CPU
		{4F86AD04-694D-4FA4-AA5A-3CD7D0664C2C}.Debug|ARM.ActiveCfg = Debug|Any CPU
		{4F86AD04-694D-4FA4-AA5A-3CD7D0664C2C}.Debug|ARM.Build.0 = Debug|Any CPU
		{4F86AD04-694D-4FA4-AA5A-3CD7D0664C2C}.Debug|iPhone.ActiveCfg = Debug|Any CPU
		{4F86AD04-694D-4FA4-AA5A-3CD7D0664C2C}.Debug|iPhone.Build.0 = Debug|Any CPU
		{4F86AD04-694D-4FA4-AA5A-3CD7D0664C2C}.Debug|iPhoneSimulator.ActiveCfg = Debug|Any CPU
		{4F86AD04-694D-4FA4-AA5A-3CD7D0664C2C}.Debug|iPhoneSimulator.Build.0 = Debug|Any CPU
		{4F86AD04-694D-4FA4-AA5A-3CD7D0664C2C}.Debug|x64.ActiveCfg = Debug|Any CPU
		{4F86AD04-694D-4FA4-AA5A-3CD7D0664C2C}.Debug|x64.Build.0 = Debug|Any CPU
		{4F86AD04-694D-4FA4-AA5A-3CD7D0664C2C}.Debug|x86.ActiveCfg = Debug|Any CPU
		{4F86AD04-694D-4FA4-AA5A-3CD7D0664C2C}.Debug|x86.Build.0 = Debug|Any CPU
		{4F86AD04-694D-4FA4-AA5A-3CD7D0664C2C}.Release|Any CPU.ActiveCfg = Release|Any CPU
		{4F86AD04-694D-4FA4-AA5A-3CD7D0664C2C}.Release|Any CPU.Build.0 = Release|Any CPU
		{4F86AD04-694D-4FA4-AA5A-3CD7D0664C2C}.Release|ARM.ActiveCfg = Release|Any CPU
		{4F86AD04-694D-4FA4-AA5A-3CD7D0664C2C}.Release|ARM.Build.0 = Release|Any CPU
		{4F86AD04-694D-4FA4-AA5A-3CD7D0664C2C}.Release|iPhone.ActiveCfg = Release|Any CPU
		{4F86AD04-694D-4FA4-AA5A-3CD7D0664C2C}.Release|iPhone.Build.0 = Release|Any CPU
		{4F86AD04-694D-4FA4-AA5A-3CD7D0664C2C}.Release|iPhoneSimulator.ActiveCfg = Release|Any CPU
		{4F86AD04-694D-4FA4-AA5A-3CD7D0664C2C}.Release|iPhoneSimulator.Build.0 = Release|Any CPU
		{4F86AD04-694D-4FA4-AA5A-3CD7D0664C2C}.Release|x64.ActiveCfg = Release|Any CPU
		{4F86AD04-694D-4FA4-AA5A-3CD7D0664C2C}.Release|x64.Build.0 = Release|Any CPU
		{4F86AD04-694D-4FA4-AA5A-3CD7D0664C2C}.Release|x86.ActiveCfg = Release|Any CPU
		{4F86AD04-694D-4FA4-AA5A-3CD7D0664C2C}.Release|x86.Build.0 = Release|Any CPU
		{FC363B03-FA64-407E-9A67-2135399872E3}.Debug|Any CPU.ActiveCfg = Debug|Any CPU
		{FC363B03-FA64-407E-9A67-2135399872E3}.Debug|Any CPU.Build.0 = Debug|Any CPU
		{FC363B03-FA64-407E-9A67-2135399872E3}.Debug|ARM.ActiveCfg = Debug|Any CPU
		{FC363B03-FA64-407E-9A67-2135399872E3}.Debug|ARM.Build.0 = Debug|Any CPU
		{FC363B03-FA64-407E-9A67-2135399872E3}.Debug|iPhone.ActiveCfg = Debug|Any CPU
		{FC363B03-FA64-407E-9A67-2135399872E3}.Debug|iPhone.Build.0 = Debug|Any CPU
		{FC363B03-FA64-407E-9A67-2135399872E3}.Debug|iPhoneSimulator.ActiveCfg = Debug|Any CPU
		{FC363B03-FA64-407E-9A67-2135399872E3}.Debug|iPhoneSimulator.Build.0 = Debug|Any CPU
		{FC363B03-FA64-407E-9A67-2135399872E3}.Debug|x64.ActiveCfg = Debug|Any CPU
		{FC363B03-FA64-407E-9A67-2135399872E3}.Debug|x64.Build.0 = Debug|Any CPU
		{FC363B03-FA64-407E-9A67-2135399872E3}.Debug|x86.ActiveCfg = Debug|Any CPU
		{FC363B03-FA64-407E-9A67-2135399872E3}.Debug|x86.Build.0 = Debug|Any CPU
		{FC363B03-FA64-407E-9A67-2135399872E3}.Release|Any CPU.ActiveCfg = Release|Any CPU
		{FC363B03-FA64-407E-9A67-2135399872E3}.Release|Any CPU.Build.0 = Release|Any CPU
		{FC363B03-FA64-407E-9A67-2135399872E3}.Release|ARM.ActiveCfg = Release|Any CPU
		{FC363B03-FA64-407E-9A67-2135399872E3}.Release|ARM.Build.0 = Release|Any CPU
		{FC363B03-FA64-407E-9A67-2135399872E3}.Release|iPhone.ActiveCfg = Release|Any CPU
		{FC363B03-FA64-407E-9A67-2135399872E3}.Release|iPhone.Build.0 = Release|Any CPU
		{FC363B03-FA64-407E-9A67-2135399872E3}.Release|iPhoneSimulator.ActiveCfg = Release|Any CPU
		{FC363B03-FA64-407E-9A67-2135399872E3}.Release|iPhoneSimulator.Build.0 = Release|Any CPU
		{FC363B03-FA64-407E-9A67-2135399872E3}.Release|x64.ActiveCfg = Release|Any CPU
		{FC363B03-FA64-407E-9A67-2135399872E3}.Release|x64.Build.0 = Release|Any CPU
		{FC363B03-FA64-407E-9A67-2135399872E3}.Release|x86.ActiveCfg = Release|Any CPU
		{FC363B03-FA64-407E-9A67-2135399872E3}.Release|x86.Build.0 = Release|Any CPU
		{97F27D3E-669A-4E06-BB95-266A52220221}.Debug|Any CPU.ActiveCfg = Debug|Any CPU
		{97F27D3E-669A-4E06-BB95-266A52220221}.Debug|Any CPU.Build.0 = Debug|Any CPU
		{97F27D3E-669A-4E06-BB95-266A52220221}.Debug|ARM.ActiveCfg = Debug|Any CPU
		{97F27D3E-669A-4E06-BB95-266A52220221}.Debug|ARM.Build.0 = Debug|Any CPU
		{97F27D3E-669A-4E06-BB95-266A52220221}.Debug|iPhone.ActiveCfg = Debug|Any CPU
		{97F27D3E-669A-4E06-BB95-266A52220221}.Debug|iPhone.Build.0 = Debug|Any CPU
		{97F27D3E-669A-4E06-BB95-266A52220221}.Debug|iPhoneSimulator.ActiveCfg = Debug|Any CPU
		{97F27D3E-669A-4E06-BB95-266A52220221}.Debug|iPhoneSimulator.Build.0 = Debug|Any CPU
		{97F27D3E-669A-4E06-BB95-266A52220221}.Debug|x64.ActiveCfg = Debug|Any CPU
		{97F27D3E-669A-4E06-BB95-266A52220221}.Debug|x64.Build.0 = Debug|Any CPU
		{97F27D3E-669A-4E06-BB95-266A52220221}.Debug|x86.ActiveCfg = Debug|Any CPU
		{97F27D3E-669A-4E06-BB95-266A52220221}.Debug|x86.Build.0 = Debug|Any CPU
		{97F27D3E-669A-4E06-BB95-266A52220221}.Release|Any CPU.ActiveCfg = Release|Any CPU
		{97F27D3E-669A-4E06-BB95-266A52220221}.Release|Any CPU.Build.0 = Release|Any CPU
		{97F27D3E-669A-4E06-BB95-266A52220221}.Release|ARM.ActiveCfg = Release|Any CPU
		{97F27D3E-669A-4E06-BB95-266A52220221}.Release|ARM.Build.0 = Release|Any CPU
		{97F27D3E-669A-4E06-BB95-266A52220221}.Release|iPhone.ActiveCfg = Release|Any CPU
		{97F27D3E-669A-4E06-BB95-266A52220221}.Release|iPhone.Build.0 = Release|Any CPU
		{97F27D3E-669A-4E06-BB95-266A52220221}.Release|iPhoneSimulator.ActiveCfg = Release|Any CPU
		{97F27D3E-669A-4E06-BB95-266A52220221}.Release|iPhoneSimulator.Build.0 = Release|Any CPU
		{97F27D3E-669A-4E06-BB95-266A52220221}.Release|x64.ActiveCfg = Release|Any CPU
		{97F27D3E-669A-4E06-BB95-266A52220221}.Release|x64.Build.0 = Release|Any CPU
		{97F27D3E-669A-4E06-BB95-266A52220221}.Release|x86.ActiveCfg = Release|Any CPU
		{97F27D3E-669A-4E06-BB95-266A52220221}.Release|x86.Build.0 = Release|Any CPU
		{36F14990-C61F-47B2-BD3A-AADBC9E5301E}.Debug|Any CPU.ActiveCfg = Debug|Any CPU
		{36F14990-C61F-47B2-BD3A-AADBC9E5301E}.Debug|Any CPU.Build.0 = Debug|Any CPU
		{36F14990-C61F-47B2-BD3A-AADBC9E5301E}.Debug|ARM.ActiveCfg = Debug|Any CPU
		{36F14990-C61F-47B2-BD3A-AADBC9E5301E}.Debug|ARM.Build.0 = Debug|Any CPU
		{36F14990-C61F-47B2-BD3A-AADBC9E5301E}.Debug|iPhone.ActiveCfg = Debug|Any CPU
		{36F14990-C61F-47B2-BD3A-AADBC9E5301E}.Debug|iPhone.Build.0 = Debug|Any CPU
		{36F14990-C61F-47B2-BD3A-AADBC9E5301E}.Debug|iPhoneSimulator.ActiveCfg = Debug|Any CPU
		{36F14990-C61F-47B2-BD3A-AADBC9E5301E}.Debug|iPhoneSimulator.Build.0 = Debug|Any CPU
		{36F14990-C61F-47B2-BD3A-AADBC9E5301E}.Debug|x64.ActiveCfg = Debug|Any CPU
		{36F14990-C61F-47B2-BD3A-AADBC9E5301E}.Debug|x64.Build.0 = Debug|Any CPU
		{36F14990-C61F-47B2-BD3A-AADBC9E5301E}.Debug|x86.ActiveCfg = Debug|Any CPU
		{36F14990-C61F-47B2-BD3A-AADBC9E5301E}.Debug|x86.Build.0 = Debug|Any CPU
		{36F14990-C61F-47B2-BD3A-AADBC9E5301E}.Release|Any CPU.ActiveCfg = Release|Any CPU
		{36F14990-C61F-47B2-BD3A-AADBC9E5301E}.Release|Any CPU.Build.0 = Release|Any CPU
		{36F14990-C61F-47B2-BD3A-AADBC9E5301E}.Release|ARM.ActiveCfg = Release|Any CPU
		{36F14990-C61F-47B2-BD3A-AADBC9E5301E}.Release|ARM.Build.0 = Release|Any CPU
		{36F14990-C61F-47B2-BD3A-AADBC9E5301E}.Release|iPhone.ActiveCfg = Release|Any CPU
		{36F14990-C61F-47B2-BD3A-AADBC9E5301E}.Release|iPhone.Build.0 = Release|Any CPU
		{36F14990-C61F-47B2-BD3A-AADBC9E5301E}.Release|iPhoneSimulator.ActiveCfg = Release|Any CPU
		{36F14990-C61F-47B2-BD3A-AADBC9E5301E}.Release|iPhoneSimulator.Build.0 = Release|Any CPU
		{36F14990-C61F-47B2-BD3A-AADBC9E5301E}.Release|x64.ActiveCfg = Release|Any CPU
		{36F14990-C61F-47B2-BD3A-AADBC9E5301E}.Release|x64.Build.0 = Release|Any CPU
		{36F14990-C61F-47B2-BD3A-AADBC9E5301E}.Release|x86.ActiveCfg = Release|Any CPU
		{36F14990-C61F-47B2-BD3A-AADBC9E5301E}.Release|x86.Build.0 = Release|Any CPU
		{BFC55843-B96A-4C5E-8B29-1536F34108EA}.Debug|Any CPU.ActiveCfg = Debug|Any CPU
		{BFC55843-B96A-4C5E-8B29-1536F34108EA}.Debug|Any CPU.Build.0 = Debug|Any CPU
		{BFC55843-B96A-4C5E-8B29-1536F34108EA}.Debug|ARM.ActiveCfg = Debug|Any CPU
		{BFC55843-B96A-4C5E-8B29-1536F34108EA}.Debug|ARM.Build.0 = Debug|Any CPU
		{BFC55843-B96A-4C5E-8B29-1536F34108EA}.Debug|iPhone.ActiveCfg = Debug|Any CPU
		{BFC55843-B96A-4C5E-8B29-1536F34108EA}.Debug|iPhone.Build.0 = Debug|Any CPU
		{BFC55843-B96A-4C5E-8B29-1536F34108EA}.Debug|iPhoneSimulator.ActiveCfg = Debug|Any CPU
		{BFC55843-B96A-4C5E-8B29-1536F34108EA}.Debug|iPhoneSimulator.Build.0 = Debug|Any CPU
		{BFC55843-B96A-4C5E-8B29-1536F34108EA}.Debug|x64.ActiveCfg = Debug|Any CPU
		{BFC55843-B96A-4C5E-8B29-1536F34108EA}.Debug|x64.Build.0 = Debug|Any CPU
		{BFC55843-B96A-4C5E-8B29-1536F34108EA}.Debug|x86.ActiveCfg = Debug|Any CPU
		{BFC55843-B96A-4C5E-8B29-1536F34108EA}.Debug|x86.Build.0 = Debug|Any CPU
		{BFC55843-B96A-4C5E-8B29-1536F34108EA}.Release|Any CPU.ActiveCfg = Release|Any CPU
		{BFC55843-B96A-4C5E-8B29-1536F34108EA}.Release|Any CPU.Build.0 = Release|Any CPU
		{BFC55843-B96A-4C5E-8B29-1536F34108EA}.Release|ARM.ActiveCfg = Release|Any CPU
		{BFC55843-B96A-4C5E-8B29-1536F34108EA}.Release|ARM.Build.0 = Release|Any CPU
		{BFC55843-B96A-4C5E-8B29-1536F34108EA}.Release|iPhone.ActiveCfg = Release|Any CPU
		{BFC55843-B96A-4C5E-8B29-1536F34108EA}.Release|iPhone.Build.0 = Release|Any CPU
		{BFC55843-B96A-4C5E-8B29-1536F34108EA}.Release|iPhoneSimulator.ActiveCfg = Release|Any CPU
		{BFC55843-B96A-4C5E-8B29-1536F34108EA}.Release|iPhoneSimulator.Build.0 = Release|Any CPU
		{BFC55843-B96A-4C5E-8B29-1536F34108EA}.Release|x64.ActiveCfg = Release|Any CPU
		{BFC55843-B96A-4C5E-8B29-1536F34108EA}.Release|x64.Build.0 = Release|Any CPU
		{BFC55843-B96A-4C5E-8B29-1536F34108EA}.Release|x86.ActiveCfg = Release|Any CPU
		{BFC55843-B96A-4C5E-8B29-1536F34108EA}.Release|x86.Build.0 = Release|Any CPU
	EndGlobalSection
	GlobalSection(SolutionProperties) = preSolution
		HideSolutionNode = FALSE
	EndGlobalSection
	GlobalSection(NestedProjects) = preSolution
		{968BA9A4-6EFF-42DF-9391-410E34A7BB2F} = {054C5202-3E6A-4C40-A14A-A909C8B8F43C}
		{4F86AD04-694D-4FA4-AA5A-3CD7D0664C2C} = {054C5202-3E6A-4C40-A14A-A909C8B8F43C}
		{FC363B03-FA64-407E-9A67-2135399872E3} = {0DFFB23F-E612-408C-9C52-B85765DEF4DB}
		{97F27D3E-669A-4E06-BB95-266A52220221} = {0DFFB23F-E612-408C-9C52-B85765DEF4DB}
		{36F14990-C61F-47B2-BD3A-AADBC9E5301E} = {0DFFB23F-E612-408C-9C52-B85765DEF4DB}
		{2024C3E9-5CAB-4A9A-B14C-474093EFCC4E} = {054C5202-3E6A-4C40-A14A-A909C8B8F43C}
		{BFC55843-B96A-4C5E-8B29-1536F34108EA} = {2024C3E9-5CAB-4A9A-B14C-474093EFCC4E}
	EndGlobalSection
	GlobalSection(ExtensibilityGlobals) = postSolution
		SolutionGuid = {00764200-1BAC-4357-904A-BA870FD3DA7B}
	EndGlobalSection
EndGlobal
